// !$*UTF8*$!
{
	archiveVersion = 1;
	classes = {
	};
	objectVersion = 56;
	objects = {

/* Begin PBXBuildFile section */
		4C16E6FB2A0D317900A0CF14 /* SettingsView.swift in Sources */ = {isa = PBXBuildFile; fileRef = 4C16E6FA2A0D317900A0CF14 /* SettingsView.swift */; };
		4C291B432A37010800106213 /* AddTaskButtonsView.swift in Sources */ = {isa = PBXBuildFile; fileRef = 4C291B422A37010800106213 /* AddTaskButtonsView.swift */; };
		4C8911C82A4A05E5006793CA /* IconPickerView.swift in Sources */ = {isa = PBXBuildFile; fileRef = 4C8911C72A4A05E5006793CA /* IconPickerView.swift */; };
		4C990E852A1540FE000903E2 /* TagTaskView.swift in Sources */ = {isa = PBXBuildFile; fileRef = 4C990E842A1540FE000903E2 /* TagTaskView.swift */; };
		4C990E872A154273000903E2 /* TagListView.swift in Sources */ = {isa = PBXBuildFile; fileRef = 4C990E862A154273000903E2 /* TagListView.swift */; };
		4CA142A72A62E61400E70ECE /* ProjectPickerView.swift in Sources */ = {isa = PBXBuildFile; fileRef = 4CA142A62A62E61400E70ECE /* ProjectPickerView.swift */; };
		4CCB162B2A051F4F00FE5376 /* Next_IdeaApp.swift in Sources */ = {isa = PBXBuildFile; fileRef = 4CCB162A2A051F4F00FE5376 /* Next_IdeaApp.swift */; };
		4CCB162D2A051F4F00FE5376 /* ContentView.swift in Sources */ = {isa = PBXBuildFile; fileRef = 4CCB162C2A051F4F00FE5376 /* ContentView.swift */; };
		4CCB162F2A051F5000FE5376 /* Assets.xcassets in Resources */ = {isa = PBXBuildFile; fileRef = 4CCB162E2A051F5000FE5376 /* Assets.xcassets */; };
		4CCB16322A051F5000FE5376 /* Preview Assets.xcassets in Resources */ = {isa = PBXBuildFile; fileRef = 4CCB16312A051F5000FE5376 /* Preview Assets.xcassets */; };
		4CCB16342A051F5000FE5376 /* Persistence.swift in Sources */ = {isa = PBXBuildFile; fileRef = 4CCB16332A051F5000FE5376 /* Persistence.swift */; };
		4CCB16372A051F5000FE5376 /* Next_Idea.xcdatamodeld in Sources */ = {isa = PBXBuildFile; fileRef = 4CCB16352A051F5000FE5376 /* Next_Idea.xcdatamodeld */; };
		4CCB16422A051F5000FE5376 /* Next_IdeaTests.swift in Sources */ = {isa = PBXBuildFile; fileRef = 4CCB16412A051F5000FE5376 /* Next_IdeaTests.swift */; };
		4CCB164C2A051F5000FE5376 /* Next_IdeaUITests.swift in Sources */ = {isa = PBXBuildFile; fileRef = 4CCB164B2A051F5000FE5376 /* Next_IdeaUITests.swift */; };
		4CCB164E2A051F5000FE5376 /* Next_IdeaUITestsLaunchTests.swift in Sources */ = {isa = PBXBuildFile; fileRef = 4CCB164D2A051F5000FE5376 /* Next_IdeaUITestsLaunchTests.swift */; };
		4CCB165B2A05214100FE5376 /* HomeView.swift in Sources */ = {isa = PBXBuildFile; fileRef = 4CCB165A2A05214100FE5376 /* HomeView.swift */; };
		4CCB165D2A05214D00FE5376 /* ListView.swift in Sources */ = {isa = PBXBuildFile; fileRef = 4CCB165C2A05214D00FE5376 /* ListView.swift */; };
		4CCB165F2A05215700FE5376 /* CompletedView.swift in Sources */ = {isa = PBXBuildFile; fileRef = 4CCB165E2A05215700FE5376 /* CompletedView.swift */; };
		4CCB16612A05216300FE5376 /* TaskView.swift in Sources */ = {isa = PBXBuildFile; fileRef = 4CCB16602A05216300FE5376 /* TaskView.swift */; };
		4CCB16632A05216900FE5376 /* TaskDetailsView.swift in Sources */ = {isa = PBXBuildFile; fileRef = 4CCB16622A05216900FE5376 /* TaskDetailsView.swift */; };
		4CCB16652A05217000FE5376 /* ProjectListView.swift in Sources */ = {isa = PBXBuildFile; fileRef = 4CCB16642A05217000FE5376 /* ProjectListView.swift */; };
		4CD17BD12A054F6D005BA2E6 /* ProjectView.swift in Sources */ = {isa = PBXBuildFile; fileRef = 4CD17BD02A054F6D005BA2E6 /* ProjectView.swift */; };
		4CD17BD32A055153005BA2E6 /* ProjectDetailsView.swift in Sources */ = {isa = PBXBuildFile; fileRef = 4CD17BD22A055153005BA2E6 /* ProjectDetailsView.swift */; };
		4CD17BD52A05557C005BA2E6 /* ProjectTaskView.swift in Sources */ = {isa = PBXBuildFile; fileRef = 4CD17BD42A05557C005BA2E6 /* ProjectTaskView.swift */; };
		4CD17BD72A055676005BA2E6 /* ProjectPickerView_old.swift in Sources */ = {isa = PBXBuildFile; fileRef = 4CD17BD62A055676005BA2E6 /* ProjectPickerView_old.swift */; };
		4CD17BDF2A07E30E005BA2E6 /* DatePickerView.swift in Sources */ = {isa = PBXBuildFile; fileRef = 4CD17BDE2A07E30E005BA2E6 /* DatePickerView.swift */; };
		4CE893E92A095DD700755167 /* QuickActionView.swift in Sources */ = {isa = PBXBuildFile; fileRef = 4CE893E82A095DD700755167 /* QuickActionView.swift */; };
		4CE893EB2A0963B300755167 /* SearchView.swift in Sources */ = {isa = PBXBuildFile; fileRef = 4CE893EA2A0963B300755167 /* SearchView.swift */; };
		4CE893F02A09750400755167 /* TagsPickerView.swift in Sources */ = {isa = PBXBuildFile; fileRef = 4CE893EF2A09750400755167 /* TagsPickerView.swift */; };
		4CFF09CA2A6FFF0F006F4EF4 /* Extensions.swift in Sources */ = {isa = PBXBuildFile; fileRef = 4CFF09C92A6FFF0F006F4EF4 /* Extensions.swift */; };
/* End PBXBuildFile section */

/* Begin PBXContainerItemProxy section */
		4CCB163E2A051F5000FE5376 /* PBXContainerItemProxy */ = {
			isa = PBXContainerItemProxy;
			containerPortal = 4CCB161F2A051F4F00FE5376 /* Project object */;
			proxyType = 1;
			remoteGlobalIDString = 4CCB16262A051F4F00FE5376;
			remoteInfo = "Next Idea";
		};
		4CCB16482A051F5000FE5376 /* PBXContainerItemProxy */ = {
			isa = PBXContainerItemProxy;
			containerPortal = 4CCB161F2A051F4F00FE5376 /* Project object */;
			proxyType = 1;
			remoteGlobalIDString = 4CCB16262A051F4F00FE5376;
			remoteInfo = "Next Idea";
		};
/* End PBXContainerItemProxy section */

/* Begin PBXFileReference section */
		4C16E6FA2A0D317900A0CF14 /* SettingsView.swift */ = {isa = PBXFileReference; lastKnownFileType = sourcecode.swift; path = SettingsView.swift; sourceTree = "<group>"; };
		4C291B422A37010800106213 /* AddTaskButtonsView.swift */ = {isa = PBXFileReference; lastKnownFileType = sourcecode.swift; path = AddTaskButtonsView.swift; sourceTree = "<group>"; };
		4C5B301B2A05281300D41F97 /* Next-Idea-Info.plist */ = {isa = PBXFileReference; lastKnownFileType = text.plist; path = "Next-Idea-Info.plist"; sourceTree = SOURCE_ROOT; };
		4C8911C72A4A05E5006793CA /* IconPickerView.swift */ = {isa = PBXFileReference; lastKnownFileType = sourcecode.swift; path = IconPickerView.swift; sourceTree = "<group>"; };
		4C990E842A1540FE000903E2 /* TagTaskView.swift */ = {isa = PBXFileReference; lastKnownFileType = sourcecode.swift; path = TagTaskView.swift; sourceTree = "<group>"; };
		4C990E862A154273000903E2 /* TagListView.swift */ = {isa = PBXFileReference; lastKnownFileType = sourcecode.swift; path = TagListView.swift; sourceTree = "<group>"; };
		4CA142A62A62E61400E70ECE /* ProjectPickerView.swift */ = {isa = PBXFileReference; lastKnownFileType = sourcecode.swift; path = ProjectPickerView.swift; sourceTree = "<group>"; };
		4CCB16272A051F4F00FE5376 /* Next Idea.app */ = {isa = PBXFileReference; explicitFileType = wrapper.application; includeInIndex = 0; path = "Next Idea.app"; sourceTree = BUILT_PRODUCTS_DIR; };
		4CCB162A2A051F4F00FE5376 /* Next_IdeaApp.swift */ = {isa = PBXFileReference; lastKnownFileType = sourcecode.swift; path = Next_IdeaApp.swift; sourceTree = "<group>"; };
		4CCB162C2A051F4F00FE5376 /* ContentView.swift */ = {isa = PBXFileReference; lastKnownFileType = sourcecode.swift; path = ContentView.swift; sourceTree = "<group>"; };
		4CCB162E2A051F5000FE5376 /* Assets.xcassets */ = {isa = PBXFileReference; lastKnownFileType = folder.assetcatalog; path = Assets.xcassets; sourceTree = "<group>"; };
		4CCB16312A051F5000FE5376 /* Preview Assets.xcassets */ = {isa = PBXFileReference; lastKnownFileType = folder.assetcatalog; path = "Preview Assets.xcassets"; sourceTree = "<group>"; };
		4CCB16332A051F5000FE5376 /* Persistence.swift */ = {isa = PBXFileReference; lastKnownFileType = sourcecode.swift; path = Persistence.swift; sourceTree = "<group>"; };
		4CCB16362A051F5000FE5376 /* Next_Idea.xcdatamodel */ = {isa = PBXFileReference; lastKnownFileType = wrapper.xcdatamodel; path = Next_Idea.xcdatamodel; sourceTree = "<group>"; };
		4CCB16382A051F5000FE5376 /* Info.plist */ = {isa = PBXFileReference; lastKnownFileType = text.plist.xml; path = Info.plist; sourceTree = "<group>"; };
		4CCB163D2A051F5000FE5376 /* Next IdeaTests.xctest */ = {isa = PBXFileReference; explicitFileType = wrapper.cfbundle; includeInIndex = 0; path = "Next IdeaTests.xctest"; sourceTree = BUILT_PRODUCTS_DIR; };
		4CCB16412A051F5000FE5376 /* Next_IdeaTests.swift */ = {isa = PBXFileReference; lastKnownFileType = sourcecode.swift; path = Next_IdeaTests.swift; sourceTree = "<group>"; };
		4CCB16472A051F5000FE5376 /* Next IdeaUITests.xctest */ = {isa = PBXFileReference; explicitFileType = wrapper.cfbundle; includeInIndex = 0; path = "Next IdeaUITests.xctest"; sourceTree = BUILT_PRODUCTS_DIR; };
		4CCB164B2A051F5000FE5376 /* Next_IdeaUITests.swift */ = {isa = PBXFileReference; lastKnownFileType = sourcecode.swift; path = Next_IdeaUITests.swift; sourceTree = "<group>"; };
		4CCB164D2A051F5000FE5376 /* Next_IdeaUITestsLaunchTests.swift */ = {isa = PBXFileReference; lastKnownFileType = sourcecode.swift; path = Next_IdeaUITestsLaunchTests.swift; sourceTree = "<group>"; };
		4CCB165A2A05214100FE5376 /* HomeView.swift */ = {isa = PBXFileReference; lastKnownFileType = sourcecode.swift; path = HomeView.swift; sourceTree = "<group>"; };
		4CCB165C2A05214D00FE5376 /* ListView.swift */ = {isa = PBXFileReference; lastKnownFileType = sourcecode.swift; path = ListView.swift; sourceTree = "<group>"; };
		4CCB165E2A05215700FE5376 /* CompletedView.swift */ = {isa = PBXFileReference; lastKnownFileType = sourcecode.swift; path = CompletedView.swift; sourceTree = "<group>"; };
		4CCB16602A05216300FE5376 /* TaskView.swift */ = {isa = PBXFileReference; lastKnownFileType = sourcecode.swift; path = TaskView.swift; sourceTree = "<group>"; };
		4CCB16622A05216900FE5376 /* TaskDetailsView.swift */ = {isa = PBXFileReference; lastKnownFileType = sourcecode.swift; path = TaskDetailsView.swift; sourceTree = "<group>"; };
		4CCB16642A05217000FE5376 /* ProjectListView.swift */ = {isa = PBXFileReference; lastKnownFileType = sourcecode.swift; path = ProjectListView.swift; sourceTree = "<group>"; };
		4CD17BD02A054F6D005BA2E6 /* ProjectView.swift */ = {isa = PBXFileReference; lastKnownFileType = sourcecode.swift; path = ProjectView.swift; sourceTree = "<group>"; };
		4CD17BD22A055153005BA2E6 /* ProjectDetailsView.swift */ = {isa = PBXFileReference; lastKnownFileType = sourcecode.swift; path = ProjectDetailsView.swift; sourceTree = "<group>"; };
		4CD17BD42A05557C005BA2E6 /* ProjectTaskView.swift */ = {isa = PBXFileReference; lastKnownFileType = sourcecode.swift; path = ProjectTaskView.swift; sourceTree = "<group>"; };
		4CD17BD62A055676005BA2E6 /* ProjectPickerView_old.swift */ = {isa = PBXFileReference; lastKnownFileType = sourcecode.swift; path = ProjectPickerView_old.swift; sourceTree = "<group>"; };
		4CD17BDD2A06D5CF005BA2E6 /* Next Idea.entitlements */ = {isa = PBXFileReference; lastKnownFileType = text.plist.entitlements; path = "Next Idea.entitlements"; sourceTree = "<group>"; };
		4CD17BDE2A07E30E005BA2E6 /* DatePickerView.swift */ = {isa = PBXFileReference; lastKnownFileType = sourcecode.swift; path = DatePickerView.swift; sourceTree = "<group>"; };
		4CE893E82A095DD700755167 /* QuickActionView.swift */ = {isa = PBXFileReference; lastKnownFileType = sourcecode.swift; path = QuickActionView.swift; sourceTree = "<group>"; };
		4CE893EA2A0963B300755167 /* SearchView.swift */ = {isa = PBXFileReference; lastKnownFileType = sourcecode.swift; path = SearchView.swift; sourceTree = "<group>"; };
		4CE893EF2A09750400755167 /* TagsPickerView.swift */ = {isa = PBXFileReference; lastKnownFileType = sourcecode.swift; path = TagsPickerView.swift; sourceTree = "<group>"; };
		4CFF09C92A6FFF0F006F4EF4 /* Extensions.swift */ = {isa = PBXFileReference; lastKnownFileType = sourcecode.swift; path = Extensions.swift; sourceTree = "<group>"; };
/* End PBXFileReference section */

/* Begin PBXFrameworksBuildPhase section */
		4CCB16242A051F4F00FE5376 /* Frameworks */ = {
			isa = PBXFrameworksBuildPhase;
			buildActionMask = 2147483647;
			files = (
			);
			runOnlyForDeploymentPostprocessing = 0;
		};
		4CCB163A2A051F5000FE5376 /* Frameworks */ = {
			isa = PBXFrameworksBuildPhase;
			buildActionMask = 2147483647;
			files = (
			);
			runOnlyForDeploymentPostprocessing = 0;
		};
		4CCB16442A051F5000FE5376 /* Frameworks */ = {
			isa = PBXFrameworksBuildPhase;
			buildActionMask = 2147483647;
			files = (
			);
			runOnlyForDeploymentPostprocessing = 0;
		};
/* End PBXFrameworksBuildPhase section */

/* Begin PBXGroup section */
		4C16E6F92A0D316100A0CF14 /* Admin */ = {
			isa = PBXGroup;
			children = (
				4C16E6FA2A0D317900A0CF14 /* SettingsView.swift */,
			);
			path = Admin;
			sourceTree = "<group>";
		};
		4CCB161E2A051F4F00FE5376 = {
			isa = PBXGroup;
			children = (
				4CCB16292A051F4F00FE5376 /* Next Idea */,
				4CCB16402A051F5000FE5376 /* Next IdeaTests */,
				4CCB164A2A051F5000FE5376 /* Next IdeaUITests */,
				4CCB16282A051F4F00FE5376 /* Products */,
			);
			sourceTree = "<group>";
		};
		4CCB16282A051F4F00FE5376 /* Products */ = {
			isa = PBXGroup;
			children = (
				4CCB16272A051F4F00FE5376 /* Next Idea.app */,
				4CCB163D2A051F5000FE5376 /* Next IdeaTests.xctest */,
				4CCB16472A051F5000FE5376 /* Next IdeaUITests.xctest */,
			);
			name = Products;
			sourceTree = "<group>";
		};
		4CCB16292A051F4F00FE5376 /* Next Idea */ = {
			isa = PBXGroup;
			children = (
				4CD17BDD2A06D5CF005BA2E6 /* Next Idea.entitlements */,
				4C5B301B2A05281300D41F97 /* Next-Idea-Info.plist */,
				4CCB162A2A051F4F00FE5376 /* Next_IdeaApp.swift */,
				4CCB162C2A051F4F00FE5376 /* ContentView.swift */,
				4CCB165A2A05214100FE5376 /* HomeView.swift */,
				4CD17BD82A06BB70005BA2E6 /* Core data */,
				4CE893EC2A096B6700755167 /* Tasks */,
				4CE893ED2A096B9400755167 /* Projects */,
				4CE893EE2A0974F300755167 /* Tags */,
				4CE893E82A095DD700755167 /* QuickActionView.swift */,
				4CCB165E2A05215700FE5376 /* CompletedView.swift */,
				4CE893EA2A0963B300755167 /* SearchView.swift */,
				4CD17BDE2A07E30E005BA2E6 /* DatePickerView.swift */,
				4C16E6F92A0D316100A0CF14 /* Admin */,
				4CCB162E2A051F5000FE5376 /* Assets.xcassets */,
				4CCB16382A051F5000FE5376 /* Info.plist */,
				4CCB16302A051F5000FE5376 /* Preview Content */,
			);
			path = "Next Idea";
			sourceTree = "<group>";
		};
		4CCB16302A051F5000FE5376 /* Preview Content */ = {
			isa = PBXGroup;
			children = (
				4CCB16312A051F5000FE5376 /* Preview Assets.xcassets */,
			);
			path = "Preview Content";
			sourceTree = "<group>";
		};
		4CCB16402A051F5000FE5376 /* Next IdeaTests */ = {
			isa = PBXGroup;
			children = (
				4CCB16412A051F5000FE5376 /* Next_IdeaTests.swift */,
			);
			path = "Next IdeaTests";
			sourceTree = "<group>";
		};
		4CCB164A2A051F5000FE5376 /* Next IdeaUITests */ = {
			isa = PBXGroup;
			children = (
				4CCB164B2A051F5000FE5376 /* Next_IdeaUITests.swift */,
				4CCB164D2A051F5000FE5376 /* Next_IdeaUITestsLaunchTests.swift */,
			);
			path = "Next IdeaUITests";
			sourceTree = "<group>";
		};
		4CD17BD82A06BB70005BA2E6 /* Core data */ = {
			isa = PBXGroup;
			children = (
				4CCB16352A051F5000FE5376 /* Next_Idea.xcdatamodeld */,
				4CCB16332A051F5000FE5376 /* Persistence.swift */,
				4CFF09C92A6FFF0F006F4EF4 /* Extensions.swift */,
			);
			path = "Core data";
			sourceTree = "<group>";
		};
		4CE893EC2A096B6700755167 /* Tasks */ = {
			isa = PBXGroup;
			children = (
				4CCB165C2A05214D00FE5376 /* ListView.swift */,
				4CCB16602A05216300FE5376 /* TaskView.swift */,
				4CCB16622A05216900FE5376 /* TaskDetailsView.swift */,
				4C291B422A37010800106213 /* AddTaskButtonsView.swift */,
			);
			path = Tasks;
			sourceTree = "<group>";
		};
		4CE893ED2A096B9400755167 /* Projects */ = {
			isa = PBXGroup;
			children = (
				4CCB16642A05217000FE5376 /* ProjectListView.swift */,
				4CD17BD02A054F6D005BA2E6 /* ProjectView.swift */,
				4CD17BD22A055153005BA2E6 /* ProjectDetailsView.swift */,
				4CD17BD42A05557C005BA2E6 /* ProjectTaskView.swift */,
				4CA142A62A62E61400E70ECE /* ProjectPickerView.swift */,
				4CD17BD62A055676005BA2E6 /* ProjectPickerView_old.swift */,
				4C8911C72A4A05E5006793CA /* IconPickerView.swift */,
			);
			path = Projects;
			sourceTree = "<group>";
		};
		4CE893EE2A0974F300755167 /* Tags */ = {
			isa = PBXGroup;
			children = (
				4C990E862A154273000903E2 /* TagListView.swift */,
				4C990E842A1540FE000903E2 /* TagTaskView.swift */,
				4CE893EF2A09750400755167 /* TagsPickerView.swift */,
			);
			path = Tags;
			sourceTree = "<group>";
		};
/* End PBXGroup section */

/* Begin PBXNativeTarget section */
		4CCB16262A051F4F00FE5376 /* Next Idea */ = {
			isa = PBXNativeTarget;
			buildConfigurationList = 4CCB16512A051F5000FE5376 /* Build configuration list for PBXNativeTarget "Next Idea" */;
			buildPhases = (
				4CCB16232A051F4F00FE5376 /* Sources */,
				4CCB16242A051F4F00FE5376 /* Frameworks */,
				4CCB16252A051F4F00FE5376 /* Resources */,
			);
			buildRules = (
			);
			dependencies = (
			);
			name = "Next Idea";
			productName = "Next Idea";
			productReference = 4CCB16272A051F4F00FE5376 /* Next Idea.app */;
			productType = "com.apple.product-type.application";
		};
		4CCB163C2A051F5000FE5376 /* Next IdeaTests */ = {
			isa = PBXNativeTarget;
			buildConfigurationList = 4CCB16542A051F5000FE5376 /* Build configuration list for PBXNativeTarget "Next IdeaTests" */;
			buildPhases = (
				4CCB16392A051F5000FE5376 /* Sources */,
				4CCB163A2A051F5000FE5376 /* Frameworks */,
				4CCB163B2A051F5000FE5376 /* Resources */,
			);
			buildRules = (
			);
			dependencies = (
				4CCB163F2A051F5000FE5376 /* PBXTargetDependency */,
			);
			name = "Next IdeaTests";
			productName = "Next IdeaTests";
			productReference = 4CCB163D2A051F5000FE5376 /* Next IdeaTests.xctest */;
			productType = "com.apple.product-type.bundle.unit-test";
		};
		4CCB16462A051F5000FE5376 /* Next IdeaUITests */ = {
			isa = PBXNativeTarget;
			buildConfigurationList = 4CCB16572A051F5000FE5376 /* Build configuration list for PBXNativeTarget "Next IdeaUITests" */;
			buildPhases = (
				4CCB16432A051F5000FE5376 /* Sources */,
				4CCB16442A051F5000FE5376 /* Frameworks */,
				4CCB16452A051F5000FE5376 /* Resources */,
			);
			buildRules = (
			);
			dependencies = (
				4CCB16492A051F5000FE5376 /* PBXTargetDependency */,
			);
			name = "Next IdeaUITests";
			productName = "Next IdeaUITests";
			productReference = 4CCB16472A051F5000FE5376 /* Next IdeaUITests.xctest */;
			productType = "com.apple.product-type.bundle.ui-testing";
		};
/* End PBXNativeTarget section */

/* Begin PBXProject section */
		4CCB161F2A051F4F00FE5376 /* Project object */ = {
			isa = PBXProject;
			attributes = {
				BuildIndependentTargetsInParallel = 1;
				LastSwiftUpdateCheck = 1430;
				LastUpgradeCheck = 1430;
				TargetAttributes = {
					4CCB16262A051F4F00FE5376 = {
						CreatedOnToolsVersion = 14.3;
					};
					4CCB163C2A051F5000FE5376 = {
						CreatedOnToolsVersion = 14.3;
						TestTargetID = 4CCB16262A051F4F00FE5376;
					};
					4CCB16462A051F5000FE5376 = {
						CreatedOnToolsVersion = 14.3;
						TestTargetID = 4CCB16262A051F4F00FE5376;
					};
				};
			};
			buildConfigurationList = 4CCB16222A051F4F00FE5376 /* Build configuration list for PBXProject "Next Idea" */;
			compatibilityVersion = "Xcode 14.0";
			developmentRegion = en;
			hasScannedForEncodings = 0;
			knownRegions = (
				en,
				Base,
			);
			mainGroup = 4CCB161E2A051F4F00FE5376;
			productRefGroup = 4CCB16282A051F4F00FE5376 /* Products */;
			projectDirPath = "";
			projectRoot = "";
			targets = (
				4CCB16262A051F4F00FE5376 /* Next Idea */,
				4CCB163C2A051F5000FE5376 /* Next IdeaTests */,
				4CCB16462A051F5000FE5376 /* Next IdeaUITests */,
			);
		};
/* End PBXProject section */

/* Begin PBXResourcesBuildPhase section */
		4CCB16252A051F4F00FE5376 /* Resources */ = {
			isa = PBXResourcesBuildPhase;
			buildActionMask = 2147483647;
			files = (
				4CCB16322A051F5000FE5376 /* Preview Assets.xcassets in Resources */,
				4CCB162F2A051F5000FE5376 /* Assets.xcassets in Resources */,
			);
			runOnlyForDeploymentPostprocessing = 0;
		};
		4CCB163B2A051F5000FE5376 /* Resources */ = {
			isa = PBXResourcesBuildPhase;
			buildActionMask = 2147483647;
			files = (
			);
			runOnlyForDeploymentPostprocessing = 0;
		};
		4CCB16452A051F5000FE5376 /* Resources */ = {
			isa = PBXResourcesBuildPhase;
			buildActionMask = 2147483647;
			files = (
			);
			runOnlyForDeploymentPostprocessing = 0;
		};
/* End PBXResourcesBuildPhase section */

/* Begin PBXSourcesBuildPhase section */
		4CCB16232A051F4F00FE5376 /* Sources */ = {
			isa = PBXSourcesBuildPhase;
			buildActionMask = 2147483647;
			files = (
				4CCB16652A05217000FE5376 /* ProjectListView.swift in Sources */,
				4CCB16342A051F5000FE5376 /* Persistence.swift in Sources */,
				4CCB162D2A051F4F00FE5376 /* ContentView.swift in Sources */,
				4CD17BD72A055676005BA2E6 /* ProjectPickerView_old.swift in Sources */,
				4CD17BD52A05557C005BA2E6 /* ProjectTaskView.swift in Sources */,
				4CCB165F2A05215700FE5376 /* CompletedView.swift in Sources */,
				4C990E872A154273000903E2 /* TagListView.swift in Sources */,
				4C291B432A37010800106213 /* AddTaskButtonsView.swift in Sources */,
				4CCB165D2A05214D00FE5376 /* ListView.swift in Sources */,
				4CD17BDF2A07E30E005BA2E6 /* DatePickerView.swift in Sources */,
				4CCB162B2A051F4F00FE5376 /* Next_IdeaApp.swift in Sources */,
				4CE893EB2A0963B300755167 /* SearchView.swift in Sources */,
				4CCB16632A05216900FE5376 /* TaskDetailsView.swift in Sources */,
				4CCB165B2A05214100FE5376 /* HomeView.swift in Sources */,
				4CA142A72A62E61400E70ECE /* ProjectPickerView.swift in Sources */,
				4C990E852A1540FE000903E2 /* TagTaskView.swift in Sources */,
				4CCB16372A051F5000FE5376 /* Next_Idea.xcdatamodeld in Sources */,
				4CCB16612A05216300FE5376 /* TaskView.swift in Sources */,
				4CD17BD12A054F6D005BA2E6 /* ProjectView.swift in Sources */,
				4CE893F02A09750400755167 /* TagsPickerView.swift in Sources */,
				4CE893E92A095DD700755167 /* QuickActionView.swift in Sources */,
				4CD17BD32A055153005BA2E6 /* ProjectDetailsView.swift in Sources */,
				4C16E6FB2A0D317900A0CF14 /* SettingsView.swift in Sources */,
				4C8911C82A4A05E5006793CA /* IconPickerView.swift in Sources */,
				4CFF09CA2A6FFF0F006F4EF4 /* Extensions.swift in Sources */,
			);
			runOnlyForDeploymentPostprocessing = 0;
		};
		4CCB16392A051F5000FE5376 /* Sources */ = {
			isa = PBXSourcesBuildPhase;
			buildActionMask = 2147483647;
			files = (
				4CCB16422A051F5000FE5376 /* Next_IdeaTests.swift in Sources */,
			);
			runOnlyForDeploymentPostprocessing = 0;
		};
		4CCB16432A051F5000FE5376 /* Sources */ = {
			isa = PBXSourcesBuildPhase;
			buildActionMask = 2147483647;
			files = (
				4CCB164E2A051F5000FE5376 /* Next_IdeaUITestsLaunchTests.swift in Sources */,
				4CCB164C2A051F5000FE5376 /* Next_IdeaUITests.swift in Sources */,
			);
			runOnlyForDeploymentPostprocessing = 0;
		};
/* End PBXSourcesBuildPhase section */

/* Begin PBXTargetDependency section */
		4CCB163F2A051F5000FE5376 /* PBXTargetDependency */ = {
			isa = PBXTargetDependency;
			target = 4CCB16262A051F4F00FE5376 /* Next Idea */;
			targetProxy = 4CCB163E2A051F5000FE5376 /* PBXContainerItemProxy */;
		};
		4CCB16492A051F5000FE5376 /* PBXTargetDependency */ = {
			isa = PBXTargetDependency;
			target = 4CCB16262A051F4F00FE5376 /* Next Idea */;
			targetProxy = 4CCB16482A051F5000FE5376 /* PBXContainerItemProxy */;
		};
/* End PBXTargetDependency section */

/* Begin XCBuildConfiguration section */
		4CCB164F2A051F5000FE5376 /* Debug */ = {
			isa = XCBuildConfiguration;
			buildSettings = {
				ALWAYS_SEARCH_USER_PATHS = NO;
				CLANG_ANALYZER_NONNULL = YES;
				CLANG_ANALYZER_NUMBER_OBJECT_CONVERSION = YES_AGGRESSIVE;
				CLANG_CXX_LANGUAGE_STANDARD = "gnu++20";
				CLANG_ENABLE_MODULES = YES;
				CLANG_ENABLE_OBJC_ARC = YES;
				CLANG_ENABLE_OBJC_WEAK = YES;
				CLANG_WARN_BLOCK_CAPTURE_AUTORELEASING = YES;
				CLANG_WARN_BOOL_CONVERSION = YES;
				CLANG_WARN_COMMA = YES;
				CLANG_WARN_CONSTANT_CONVERSION = YES;
				CLANG_WARN_DEPRECATED_OBJC_IMPLEMENTATIONS = YES;
				CLANG_WARN_DIRECT_OBJC_ISA_USAGE = YES_ERROR;
				CLANG_WARN_DOCUMENTATION_COMMENTS = YES;
				CLANG_WARN_EMPTY_BODY = YES;
				CLANG_WARN_ENUM_CONVERSION = YES;
				CLANG_WARN_INFINITE_RECURSION = YES;
				CLANG_WARN_INT_CONVERSION = YES;
				CLANG_WARN_NON_LITERAL_NULL_CONVERSION = YES;
				CLANG_WARN_OBJC_IMPLICIT_RETAIN_SELF = YES;
				CLANG_WARN_OBJC_LITERAL_CONVERSION = YES;
				CLANG_WARN_OBJC_ROOT_CLASS = YES_ERROR;
				CLANG_WARN_QUOTED_INCLUDE_IN_FRAMEWORK_HEADER = YES;
				CLANG_WARN_RANGE_LOOP_ANALYSIS = YES;
				CLANG_WARN_STRICT_PROTOTYPES = YES;
				CLANG_WARN_SUSPICIOUS_MOVE = YES;
				CLANG_WARN_UNGUARDED_AVAILABILITY = YES_AGGRESSIVE;
				CLANG_WARN_UNREACHABLE_CODE = YES;
				CLANG_WARN__DUPLICATE_METHOD_MATCH = YES;
				COPY_PHASE_STRIP = NO;
				DEBUG_INFORMATION_FORMAT = dwarf;
				ENABLE_STRICT_OBJC_MSGSEND = YES;
				ENABLE_TESTABILITY = YES;
				GCC_C_LANGUAGE_STANDARD = gnu11;
				GCC_DYNAMIC_NO_PIC = NO;
				GCC_NO_COMMON_BLOCKS = YES;
				GCC_OPTIMIZATION_LEVEL = 0;
				GCC_PREPROCESSOR_DEFINITIONS = (
					"DEBUG=1",
					"$(inherited)",
				);
				GCC_WARN_64_TO_32_BIT_CONVERSION = YES;
				GCC_WARN_ABOUT_RETURN_TYPE = YES_ERROR;
				GCC_WARN_UNDECLARED_SELECTOR = YES;
				GCC_WARN_UNINITIALIZED_AUTOS = YES_AGGRESSIVE;
				GCC_WARN_UNUSED_FUNCTION = YES;
				GCC_WARN_UNUSED_VARIABLE = YES;
				IPHONEOS_DEPLOYMENT_TARGET = 16.4;
				MTL_ENABLE_DEBUG_INFO = INCLUDE_SOURCE;
				MTL_FAST_MATH = YES;
				ONLY_ACTIVE_ARCH = YES;
				SDKROOT = iphoneos;
				SWIFT_ACTIVE_COMPILATION_CONDITIONS = DEBUG;
				SWIFT_OPTIMIZATION_LEVEL = "-Onone";
			};
			name = Debug;
		};
		4CCB16502A051F5000FE5376 /* Release */ = {
			isa = XCBuildConfiguration;
			buildSettings = {
				ALWAYS_SEARCH_USER_PATHS = NO;
				CLANG_ANALYZER_NONNULL = YES;
				CLANG_ANALYZER_NUMBER_OBJECT_CONVERSION = YES_AGGRESSIVE;
				CLANG_CXX_LANGUAGE_STANDARD = "gnu++20";
				CLANG_ENABLE_MODULES = YES;
				CLANG_ENABLE_OBJC_ARC = YES;
				CLANG_ENABLE_OBJC_WEAK = YES;
				CLANG_WARN_BLOCK_CAPTURE_AUTORELEASING = YES;
				CLANG_WARN_BOOL_CONVERSION = YES;
				CLANG_WARN_COMMA = YES;
				CLANG_WARN_CONSTANT_CONVERSION = YES;
				CLANG_WARN_DEPRECATED_OBJC_IMPLEMENTATIONS = YES;
				CLANG_WARN_DIRECT_OBJC_ISA_USAGE = YES_ERROR;
				CLANG_WARN_DOCUMENTATION_COMMENTS = YES;
				CLANG_WARN_EMPTY_BODY = YES;
				CLANG_WARN_ENUM_CONVERSION = YES;
				CLANG_WARN_INFINITE_RECURSION = YES;
				CLANG_WARN_INT_CONVERSION = YES;
				CLANG_WARN_NON_LITERAL_NULL_CONVERSION = YES;
				CLANG_WARN_OBJC_IMPLICIT_RETAIN_SELF = YES;
				CLANG_WARN_OBJC_LITERAL_CONVERSION = YES;
				CLANG_WARN_OBJC_ROOT_CLASS = YES_ERROR;
				CLANG_WARN_QUOTED_INCLUDE_IN_FRAMEWORK_HEADER = YES;
				CLANG_WARN_RANGE_LOOP_ANALYSIS = YES;
				CLANG_WARN_STRICT_PROTOTYPES = YES;
				CLANG_WARN_SUSPICIOUS_MOVE = YES;
				CLANG_WARN_UNGUARDED_AVAILABILITY = YES_AGGRESSIVE;
				CLANG_WARN_UNREACHABLE_CODE = YES;
				CLANG_WARN__DUPLICATE_METHOD_MATCH = YES;
				COPY_PHASE_STRIP = NO;
				DEBUG_INFORMATION_FORMAT = "dwarf-with-dsym";
				ENABLE_NS_ASSERTIONS = NO;
				ENABLE_STRICT_OBJC_MSGSEND = YES;
				GCC_C_LANGUAGE_STANDARD = gnu11;
				GCC_NO_COMMON_BLOCKS = YES;
				GCC_WARN_64_TO_32_BIT_CONVERSION = YES;
				GCC_WARN_ABOUT_RETURN_TYPE = YES_ERROR;
				GCC_WARN_UNDECLARED_SELECTOR = YES;
				GCC_WARN_UNINITIALIZED_AUTOS = YES_AGGRESSIVE;
				GCC_WARN_UNUSED_FUNCTION = YES;
				GCC_WARN_UNUSED_VARIABLE = YES;
				IPHONEOS_DEPLOYMENT_TARGET = 16.4;
				MTL_ENABLE_DEBUG_INFO = NO;
				MTL_FAST_MATH = YES;
				SDKROOT = iphoneos;
				SWIFT_COMPILATION_MODE = wholemodule;
				SWIFT_OPTIMIZATION_LEVEL = "-O";
				VALIDATE_PRODUCT = YES;
			};
			name = Release;
		};
		4CCB16522A051F5000FE5376 /* Debug */ = {
			isa = XCBuildConfiguration;
			buildSettings = {
				ASSETCATALOG_COMPILER_APPICON_NAME = AppIcon;
				ASSETCATALOG_COMPILER_GLOBAL_ACCENT_COLOR_NAME = AccentColor;
				CODE_SIGN_ENTITLEMENTS = "Next Idea/Next Idea.entitlements";
				CODE_SIGN_STYLE = Automatic;
				CURRENT_PROJECT_VERSION = 9;
				DEVELOPMENT_ASSET_PATHS = "\"Next Idea/Preview Content\"";
				DEVELOPMENT_TEAM = VWCW8YMM6Y;
				ENABLE_PREVIEWS = YES;
				GENERATE_INFOPLIST_FILE = YES;
				INFOPLIST_FILE = "Next-Idea-Info.plist";
				INFOPLIST_KEY_LSApplicationCategoryType = "public.app-category.productivity";
				INFOPLIST_KEY_NSCalendarsUsageDescription = "Calendar access is required if you would like to view your calendars inside Next Idea";
				INFOPLIST_KEY_NSRemindersUsageDescription = "Reminders access is required if you would like to import new tasks from the Apple Reminders app";
				INFOPLIST_KEY_UIApplicationSceneManifest_Generation = YES;
				INFOPLIST_KEY_UIApplicationSupportsIndirectInputEvents = YES;
				INFOPLIST_KEY_UILaunchScreen_Generation = YES;
				INFOPLIST_KEY_UISupportedInterfaceOrientations_iPad = "UIInterfaceOrientationPortrait UIInterfaceOrientationPortraitUpsideDown UIInterfaceOrientationLandscapeLeft UIInterfaceOrientationLandscapeRight";
				INFOPLIST_KEY_UISupportedInterfaceOrientations_iPhone = "UIInterfaceOrientationPortrait UIInterfaceOrientationLandscapeLeft UIInterfaceOrientationLandscapeRight";
				LD_RUNPATH_SEARCH_PATHS = (
					"$(inherited)",
					"@executable_path/Frameworks",
				);
				MARKETING_VERSION = 1.0;
				PRODUCT_BUNDLE_IDENTIFIER = "Transformia.Next-Idea";
				PRODUCT_NAME = "$(TARGET_NAME)";
				SWIFT_EMIT_LOC_STRINGS = YES;
				SWIFT_VERSION = 5.0;
				TARGETED_DEVICE_FAMILY = "1,2";
			};
			name = Debug;
		};
		4CCB16532A051F5000FE5376 /* Release */ = {
			isa = XCBuildConfiguration;
			buildSettings = {
				ASSETCATALOG_COMPILER_APPICON_NAME = AppIcon;
				ASSETCATALOG_COMPILER_GLOBAL_ACCENT_COLOR_NAME = AccentColor;
				CODE_SIGN_ENTITLEMENTS = "Next Idea/Next Idea.entitlements";
				CODE_SIGN_STYLE = Automatic;
				CURRENT_PROJECT_VERSION = 9;
				DEVELOPMENT_ASSET_PATHS = "\"Next Idea/Preview Content\"";
				DEVELOPMENT_TEAM = VWCW8YMM6Y;
				ENABLE_PREVIEWS = YES;
				GENERATE_INFOPLIST_FILE = YES;
				INFOPLIST_FILE = "Next-Idea-Info.plist";
				INFOPLIST_KEY_LSApplicationCategoryType = "public.app-category.productivity";
				INFOPLIST_KEY_NSCalendarsUsageDescription = "Calendar access is required if you would like to view your calendars inside Next Idea";
				INFOPLIST_KEY_NSRemindersUsageDescription = "Reminders access is required if you would like to import new tasks from the Apple Reminders app";
				INFOPLIST_KEY_UIApplicationSceneManifest_Generation = YES;
				INFOPLIST_KEY_UIApplicationSupportsIndirectInputEvents = YES;
				INFOPLIST_KEY_UILaunchScreen_Generation = YES;
				INFOPLIST_KEY_UISupportedInterfaceOrientations_iPad = "UIInterfaceOrientationPortrait UIInterfaceOrientationPortraitUpsideDown UIInterfaceOrientationLandscapeLeft UIInterfaceOrientationLandscapeRight";
				INFOPLIST_KEY_UISupportedInterfaceOrientations_iPhone = "UIInterfaceOrientationPortrait UIInterfaceOrientationLandscapeLeft UIInterfaceOrientationLandscapeRight";
				LD_RUNPATH_SEARCH_PATHS = (
					"$(inherited)",
					"@executable_path/Frameworks",
				);
				MARKETING_VERSION = 1.0;
				PRODUCT_BUNDLE_IDENTIFIER = "Transformia.Next-Idea";
				PRODUCT_NAME = "$(TARGET_NAME)";
				SWIFT_EMIT_LOC_STRINGS = YES;
				SWIFT_VERSION = 5.0;
				TARGETED_DEVICE_FAMILY = "1,2";
			};
			name = Release;
		};
		4CCB16552A051F5000FE5376 /* Debug */ = {
			isa = XCBuildConfiguration;
			buildSettings = {
				ALWAYS_EMBED_SWIFT_STANDARD_LIBRARIES = YES;
				BUNDLE_LOADER = "$(TEST_HOST)";
				CODE_SIGN_STYLE = Automatic;
				CURRENT_PROJECT_VERSION = 1;
				DEVELOPMENT_TEAM = VWCW8YMM6Y;
				GENERATE_INFOPLIST_FILE = YES;
				IPHONEOS_DEPLOYMENT_TARGET = 16.4;
				MARKETING_VERSION = 1.0;
				PRODUCT_BUNDLE_IDENTIFIER = "Transformia.Next-IdeaTests";
				PRODUCT_NAME = "$(TARGET_NAME)";
				SWIFT_EMIT_LOC_STRINGS = NO;
				SWIFT_VERSION = 5.0;
				TARGETED_DEVICE_FAMILY = "1,2";
				TEST_HOST = "$(BUILT_PRODUCTS_DIR)/Next Idea.app/$(BUNDLE_EXECUTABLE_FOLDER_PATH)/Next Idea";
			};
			name = Debug;
		};
		4CCB16562A051F5000FE5376 /* Release */ = {
			isa = XCBuildConfiguration;
			buildSettings = {
				ALWAYS_EMBED_SWIFT_STANDARD_LIBRARIES = YES;
				BUNDLE_LOADER = "$(TEST_HOST)";
				CODE_SIGN_STYLE = Automatic;
				CURRENT_PROJECT_VERSION = 1;
				DEVELOPMENT_TEAM = VWCW8YMM6Y;
				GENERATE_INFOPLIST_FILE = YES;
				IPHONEOS_DEPLOYMENT_TARGET = 16.4;
				MARKETING_VERSION = 1.0;
				PRODUCT_BUNDLE_IDENTIFIER = "Transformia.Next-IdeaTests";
				PRODUCT_NAME = "$(TARGET_NAME)";
				SWIFT_EMIT_LOC_STRINGS = NO;
				SWIFT_VERSION = 5.0;
				TARGETED_DEVICE_FAMILY = "1,2";
				TEST_HOST = "$(BUILT_PRODUCTS_DIR)/Next Idea.app/$(BUNDLE_EXECUTABLE_FOLDER_PATH)/Next Idea";
			};
			name = Release;
		};
		4CCB16582A051F5000FE5376 /* Debug */ = {
			isa = XCBuildConfiguration;
			buildSettings = {
				ALWAYS_EMBED_SWIFT_STANDARD_LIBRARIES = YES;
				CODE_SIGN_STYLE = Automatic;
				CURRENT_PROJECT_VERSION = 1;
				DEVELOPMENT_TEAM = VWCW8YMM6Y;
				GENERATE_INFOPLIST_FILE = YES;
				MARKETING_VERSION = 1.0;
				PRODUCT_BUNDLE_IDENTIFIER = "Transformia.Next-IdeaUITests";
				PRODUCT_NAME = "$(TARGET_NAME)";
				SWIFT_EMIT_LOC_STRINGS = NO;
				SWIFT_VERSION = 5.0;
				TARGETED_DEVICE_FAMILY = "1,2";
				TEST_TARGET_NAME = "Next Idea";
			};
			name = Debug;
		};
		4CCB16592A051F5000FE5376 /* Release */ = {
			isa = XCBuildConfiguration;
			buildSettings = {
				ALWAYS_EMBED_SWIFT_STANDARD_LIBRARIES = YES;
				CODE_SIGN_STYLE = Automatic;
				CURRENT_PROJECT_VERSION = 1;
				DEVELOPMENT_TEAM = VWCW8YMM6Y;
				GENERATE_INFOPLIST_FILE = YES;
				MARKETING_VERSION = 1.0;
				PRODUCT_BUNDLE_IDENTIFIER = "Transformia.Next-IdeaUITests";
				PRODUCT_NAME = "$(TARGET_NAME)";
				SWIFT_EMIT_LOC_STRINGS = NO;
				SWIFT_VERSION = 5.0;
				TARGETED_DEVICE_FAMILY = "1,2";
				TEST_TARGET_NAME = "Next Idea";
			};
			name = Release;
		};
/* End XCBuildConfiguration section */

/* Begin XCConfigurationList section */
		4CCB16222A051F4F00FE5376 /* Build configuration list for PBXProject "Next Idea" */ = {
			isa = XCConfigurationList;
			buildConfigurations = (
				4CCB164F2A051F5000FE5376 /* Debug */,
				4CCB16502A051F5000FE5376 /* Release */,
			);
			defaultConfigurationIsVisible = 0;
			defaultConfigurationName = Release;
		};
		4CCB16512A051F5000FE5376 /* Build configuration list for PBXNativeTarget "Next Idea" */ = {
			isa = XCConfigurationList;
			buildConfigurations = (
				4CCB16522A051F5000FE5376 /* Debug */,
				4CCB16532A051F5000FE5376 /* Release */,
			);
			defaultConfigurationIsVisible = 0;
			defaultConfigurationName = Release;
		};
		4CCB16542A051F5000FE5376 /* Build configuration list for PBXNativeTarget "Next IdeaTests" */ = {
			isa = XCConfigurationList;
			buildConfigurations = (
				4CCB16552A051F5000FE5376 /* Debug */,
				4CCB16562A051F5000FE5376 /* Release */,
			);
			defaultConfigurationIsVisible = 0;
			defaultConfigurationName = Release;
		};
		4CCB16572A051F5000FE5376 /* Build configuration list for PBXNativeTarget "Next IdeaUITests" */ = {
			isa = XCConfigurationList;
			buildConfigurations = (
				4CCB16582A051F5000FE5376 /* Debug */,
				4CCB16592A051F5000FE5376 /* Release */,
			);
			defaultConfigurationIsVisible = 0;
			defaultConfigurationName = Release;
		};
/* End XCConfigurationList section */

/* Begin XCVersionGroup section */
		4CCB16352A051F5000FE5376 /* Next_Idea.xcdatamodeld */ = {
			isa = XCVersionGroup;
			children = (
				4CCB16362A051F5000FE5376 /* Next_Idea.xcdatamodel */,
			);
			currentVersion = 4CCB16362A051F5000FE5376 /* Next_Idea.xcdatamodel */;
			path = Next_Idea.xcdatamodeld;
			sourceTree = "<group>";
			versionGroupType = wrapper.xcdatamodel;
		};
/* End XCVersionGroup section */
	};
	rootObject = 4CCB161F2A051F4F00FE5376 /* Project object */;
}
