// !$*UTF8*$!
{
	archiveVersion = 1;
	classes = {
	};
	objectVersion = 56;
	objects = {

/* Begin PBXBuildFile section */
		4CCB162B2A051F4F00FE5376 /* Next_IdeaApp.swift in Sources */ = {isa = PBXBuildFile; fileRef = 4CCB162A2A051F4F00FE5376 /* Next_IdeaApp.swift */; };
		4CCB162D2A051F4F00FE5376 /* ContentView.swift in Sources */ = {isa = PBXBuildFile; fileRef = 4CCB162C2A051F4F00FE5376 /* ContentView.swift */; };
		4CCB162F2A051F5000FE5376 /* Assets.xcassets in Resources */ = {isa = PBXBuildFile; fileRef = 4CCB162E2A051F5000FE5376 /* Assets.xcassets */; };
		4CCB16322A051F5000FE5376 /* Preview Assets.xcassets in Resources */ = {isa = PBXBuildFile; fileRef = 4CCB16312A051F5000FE5376 /* Preview Assets.xcassets */; };
		4CCB16342A051F5000FE5376 /* Persistence.swift in Sources */ = {isa = PBXBuildFile; fileRef = 4CCB16332A051F5000FE5376 /* Persistence.swift */; };
		4CCB16372A051F5000FE5376 /* Next_Idea.xcdatamodeld in Sources */ = {isa = PBXBuildFile; fileRef = 4CCB16352A051F5000FE5376 /* Next_Idea.xcdatamodeld */; };
		4CCB16422A051F5000FE5376 /* Next_IdeaTests.swift in Sources */ = {isa = PBXBuildFile; fileRef = 4CCB16412A051F5000FE5376 /* Next_IdeaTests.swift */; };
		4CCB164C2A051F5000FE5376 /* Next_IdeaUITests.swift in Sources */ = {isa = PBXBuildFile; fileRef = 4CCB164B2A051F5000FE5376 /* Next_IdeaUITests.swift */; };
		4CCB164E2A051F5000FE5376 /* Next_IdeaUITestsLaunchTests.swift in Sources */ = {isa = PBXBuildFile; fileRef = 4CCB164D2A051F5000FE5376 /* Next_IdeaUITestsLaunchTests.swift */; };
/* End PBXBuildFile section */

/* Begin PBXContainerItemProxy section */
		4CCB163E2A051F5000FE5376 /* PBXContainerItemProxy */ = {
			isa = PBXContainerItemProxy;
			containerPortal = 4CCB161F2A051F4F00FE5376 /* Project object */;
			proxyType = 1;
			remoteGlobalIDString = 4CCB16262A051F4F00FE5376;
			remoteInfo = "Next Idea";
		};
		4CCB16482A051F5000FE5376 /* PBXContainerItemProxy */ = {
			isa = PBXContainerItemProxy;
			containerPortal = 4CCB161F2A051F4F00FE5376 /* Project object */;
			proxyType = 1;
			remoteGlobalIDString = 4CCB16262A051F4F00FE5376;
			remoteInfo = "Next Idea";
		};
/* End PBXContainerItemProxy section */

/* Begin PBXFileReference section */
		4CCB16272A051F4F00FE5376 /* Next Idea.app */ = {isa = PBXFileReference; explicitFileType = wrapper.application; includeInIndex = 0; path = "Next Idea.app"; sourceTree = BUILT_PRODUCTS_DIR; };
		4CCB162A2A051F4F00FE5376 /* Next_IdeaApp.swift */ = {isa = PBXFileReference; lastKnownFileType = sourcecode.swift; path = Next_IdeaApp.swift; sourceTree = "<group>"; };
		4CCB162C2A051F4F00FE5376 /* ContentView.swift */ = {isa = PBXFileReference; lastKnownFileType = sourcecode.swift; path = ContentView.swift; sourceTree = "<group>"; };
		4CCB162E2A051F5000FE5376 /* Assets.xcassets */ = {isa = PBXFileReference; lastKnownFileType = folder.assetcatalog; path = Assets.xcassets; sourceTree = "<group>"; };
		4CCB16312A051F5000FE5376 /* Preview Assets.xcassets */ = {isa = PBXFileReference; lastKnownFileType = folder.assetcatalog; path = "Preview Assets.xcassets"; sourceTree = "<group>"; };
		4CCB16332A051F5000FE5376 /* Persistence.swift */ = {isa = PBXFileReference; lastKnownFileType = sourcecode.swift; path = Persistence.swift; sourceTree = "<group>"; };
		4CCB16362A051F5000FE5376 /* Next_Idea.xcdatamodel */ = {isa = PBXFileReference; lastKnownFileType = wrapper.xcdatamodel; path = Next_Idea.xcdatamodel; sourceTree = "<group>"; };
		4CCB16382A051F5000FE5376 /* Info.plist */ = {isa = PBXFileReference; lastKnownFileType = text.plist.xml; path = Info.plist; sourceTree = "<group>"; };
		4CCB163D2A051F5000FE5376 /* Next IdeaTests.xctest */ = {isa = PBXFileReference; explicitFileType = wrapper.cfbundle; includeInIndex = 0; path = "Next IdeaTests.xctest"; sourceTree = BUILT_PRODUCTS_DIR; };
		4CCB16412A051F5000FE5376 /* Next_IdeaTests.swift */ = {isa = PBXFileReference; lastKnownFileType = sourcecode.swift; path = Next_IdeaTests.swift; sourceTree = "<group>"; };
		4CCB16472A051F5000FE5376 /* Next IdeaUITests.xctest */ = {isa = PBXFileReference; explicitFileType = wrapper.cfbundle; includeInIndex = 0; path = "Next IdeaUITests.xctest"; sourceTree = BUILT_PRODUCTS_DIR; };
		4CCB164B2A051F5000FE5376 /* Next_IdeaUITests.swift */ = {isa = PBXFileReference; lastKnownFileType = sourcecode.swift; path = Next_IdeaUITests.swift; sourceTree = "<group>"; };
		4CCB164D2A051F5000FE5376 /* Next_IdeaUITestsLaunchTests.swift */ = {isa = PBXFileReference; lastKnownFileType = sourcecode.swift; path = Next_IdeaUITestsLaunchTests.swift; sourceTree = "<group>"; };
/* End PBXFileReference section */

/* Begin PBXFrameworksBuildPhase section */
		4CCB16242A051F4F00FE5376 /* Frameworks */ = {
			isa = PBXFrameworksBuildPhase;
			buildActionMask = 2147483647;
			files = (
			);
			runOnlyForDeploymentPostprocessing = 0;
		};
		4CCB163A2A051F5000FE5376 /* Frameworks */ = {
			isa = PBXFrameworksBuildPhase;
			buildActionMask = 2147483647;
			files = (
			);
			runOnlyForDeploymentPostprocessing = 0;
		};
		4CCB16442A051F5000FE5376 /* Frameworks */ = {
			isa = PBXFrameworksBuildPhase;
			buildActionMask = 2147483647;
			files = (
			);
			runOnlyForDeploymentPostprocessing = 0;
		};
/* End PBXFrameworksBuildPhase section */

/* Begin PBXGroup section */
		4CCB161E2A051F4F00FE5376 = {
			isa = PBXGroup;
			children = (
				4CCB16292A051F4F00FE5376 /* Next Idea */,
				4CCB16402A051F5000FE5376 /* Next IdeaTests */,
				4CCB164A2A051F5000FE5376 /* Next IdeaUITests */,
				4CCB16282A051F4F00FE5376 /* Products */,
			);
			sourceTree = "<group>";
		};
		4CCB16282A051F4F00FE5376 /* Products */ = {
			isa = PBXGroup;
			children = (
				4CCB16272A051F4F00FE5376 /* Next Idea.app */,
				4CCB163D2A051F5000FE5376 /* Next IdeaTests.xctest */,
				4CCB16472A051F5000FE5376 /* Next IdeaUITests.xctest */,
			);
			name = Products;
			sourceTree = "<group>";
		};
		4CCB16292A051F4F00FE5376 /* Next Idea */ = {
			isa = PBXGroup;
			children = (
				4CCB162A2A051F4F00FE5376 /* Next_IdeaApp.swift */,
				4CCB162C2A051F4F00FE5376 /* ContentView.swift */,
				4CCB162E2A051F5000FE5376 /* Assets.xcassets */,
				4CCB16332A051F5000FE5376 /* Persistence.swift */,
				4CCB16382A051F5000FE5376 /* Info.plist */,
				4CCB16352A051F5000FE5376 /* Next_Idea.xcdatamodeld */,
				4CCB16302A051F5000FE5376 /* Preview Content */,
			);
			path = "Next Idea";
			sourceTree = "<group>";
		};
		4CCB16302A051F5000FE5376 /* Preview Content */ = {
			isa = PBXGroup;
			children = (
				4CCB16312A051F5000FE5376 /* Preview Assets.xcassets */,
			);
			path = "Preview Content";
			sourceTree = "<group>";
		};
		4CCB16402A051F5000FE5376 /* Next IdeaTests */ = {
			isa = PBXGroup;
			children = (
				4CCB16412A051F5000FE5376 /* Next_IdeaTests.swift */,
			);
			path = "Next IdeaTests";
			sourceTree = "<group>";
		};
		4CCB164A2A051F5000FE5376 /* Next IdeaUITests */ = {
			isa = PBXGroup;
			children = (
				4CCB164B2A051F5000FE5376 /* Next_IdeaUITests.swift */,
				4CCB164D2A051F5000FE5376 /* Next_IdeaUITestsLaunchTests.swift */,
			);
			path = "Next IdeaUITests";
			sourceTree = "<group>";
		};
/* End PBXGroup section */

/* Begin PBXNativeTarget section */
		4CCB16262A051F4F00FE5376 /* Next Idea */ = {
			isa = PBXNativeTarget;
			buildConfigurationList = 4CCB16512A051F5000FE5376 /* Build configuration list for PBXNativeTarget "Next Idea" */;
			buildPhases = (
				4CCB16232A051F4F00FE5376 /* Sources */,
				4CCB16242A051F4F00FE5376 /* Frameworks */,
				4CCB16252A051F4F00FE5376 /* Resources */,
			);
			buildRules = (
			);
			dependencies = (
			);
			name = "Next Idea";
			productName = "Next Idea";
			productReference = 4CCB16272A051F4F00FE5376 /* Next Idea.app */;
			productType = "com.apple.product-type.application";
		};
		4CCB163C2A051F5000FE5376 /* Next IdeaTests */ = {
			isa = PBXNativeTarget;
			buildConfigurationList = 4CCB16542A051F5000FE5376 /* Build configuration list for PBXNativeTarget "Next IdeaTests" */;
			buildPhases = (
				4CCB16392A051F5000FE5376 /* Sources */,
				4CCB163A2A051F5000FE5376 /* Frameworks */,
				4CCB163B2A051F5000FE5376 /* Resources */,
			);
			buildRules = (
			);
			dependencies = (
				4CCB163F2A051F5000FE5376 /* PBXTargetDependency */,
			);
			name = "Next IdeaTests";
			productName = "Next IdeaTests";
			productReference = 4CCB163D2A051F5000FE5376 /* Next IdeaTests.xctest */;
			productType = "com.apple.product-type.bundle.unit-test";
		};
		4CCB16462A051F5000FE5376 /* Next IdeaUITests */ = {
			isa = PBXNativeTarget;
			buildConfigurationList = 4CCB16572A051F5000FE5376 /* Build configuration list for PBXNativeTarget "Next IdeaUITests" */;
			buildPhases = (
				4CCB16432A051F5000FE5376 /* Sources */,
				4CCB16442A051F5000FE5376 /* Frameworks */,
				4CCB16452A051F5000FE5376 /* Resources */,
			);
			buildRules = (
			);
			dependencies = (
				4CCB16492A051F5000FE5376 /* PBXTargetDependency */,
			);
			name = "Next IdeaUITests";
			productName = "Next IdeaUITests";
			productReference = 4CCB16472A051F5000FE5376 /* Next IdeaUITests.xctest */;
			productType = "com.apple.product-type.bundle.ui-testing";
		};
/* End PBXNativeTarget section */

/* Begin PBXProject section */
		4CCB161F2A051F4F00FE5376 /* Project object */ = {
			isa = PBXProject;
			attributes = {
				BuildIndependentTargetsInParallel = 1;
				LastSwiftUpdateCheck = 1430;
				LastUpgradeCheck = 1430;
				TargetAttributes = {
					4CCB16262A051F4F00FE5376 = {
						CreatedOnToolsVersion = 14.3;
					};
					4CCB163C2A051F5000FE5376 = {
						CreatedOnToolsVersion = 14.3;
						TestTargetID = 4CCB16262A051F4F00FE5376;
					};
					4CCB16462A051F5000FE5376 = {
						CreatedOnToolsVersion = 14.3;
						TestTargetID = 4CCB16262A051F4F00FE5376;
					};
				};
			};
			buildConfigurationList = 4CCB16222A051F4F00FE5376 /* Build configuration list for PBXProject "Next Idea" */;
			compatibilityVersion = "Xcode 14.0";
			developmentRegion = en;
			hasScannedForEncodings = 0;
			knownRegions = (
				en,
				Base,
			);
			mainGroup = 4CCB161E2A051F4F00FE5376;
			productRefGroup = 4CCB16282A051F4F00FE5376 /* Products */;
			projectDirPath = "";
			projectRoot = "";
			targets = (
				4CCB16262A051F4F00FE5376 /* Next Idea */,
				4CCB163C2A051F5000FE5376 /* Next IdeaTests */,
				4CCB16462A051F5000FE5376 /* Next IdeaUITests */,
			);
		};
/* End PBXProject section */

/* Begin PBXResourcesBuildPhase section */
		4CCB16252A051F4F00FE5376 /* Resources */ = {
			isa = PBXResourcesBuildPhase;
			buildActionMask = 2147483647;
			files = (
				4CCB16322A051F5000FE5376 /* Preview Assets.xcassets in Resources */,
				4CCB162F2A051F5000FE5376 /* Assets.xcassets in Resources */,
			);
			runOnlyForDeploymentPostprocessing = 0;
		};
		4CCB163B2A051F5000FE5376 /* Resources */ = {
			isa = PBXResourcesBuildPhase;
			buildActionMask = 2147483647;
			files = (
			);
			runOnlyForDeploymentPostprocessing = 0;
		};
		4CCB16452A051F5000FE5376 /* Resources */ = {
			isa = PBXResourcesBuildPhase;
			buildActionMask = 2147483647;
			files = (
			);
			runOnlyForDeploymentPostprocessing = 0;
		};
/* End PBXResourcesBuildPhase section */

/* Begin PBXSourcesBuildPhase section */
		4CCB16232A051F4F00FE5376 /* Sources */ = {
			isa = PBXSourcesBuildPhase;
			buildActionMask = 2147483647;
			files = (
				4CCB16342A051F5000FE5376 /* Persistence.swift in Sources */,
				4CCB162D2A051F4F00FE5376 /* ContentView.swift in Sources */,
				4CCB162B2A051F4F00FE5376 /* Next_IdeaApp.swift in Sources */,
				4CCB16372A051F5000FE5376 /* Next_Idea.xcdatamodeld in Sources */,
			);
			runOnlyForDeploymentPostprocessing = 0;
		};
		4CCB16392A051F5000FE5376 /* Sources */ = {
			isa = PBXSourcesBuildPhase;
			buildActionMask = 2147483647;
			files = (
				4CCB16422A051F5000FE5376 /* Next_IdeaTests.swift in Sources */,
			);
			runOnlyForDeploymentPostprocessing = 0;
		};
		4CCB16432A051F5000FE5376 /* Sources */ = {
			isa = PBXSourcesBuildPhase;
			buildActionMask = 2147483647;
			files = (
				4CCB164E2A051F5000FE5376 /* Next_IdeaUITestsLaunchTests.swift in Sources */,
				4CCB164C2A051F5000FE5376 /* Next_IdeaUITests.swift in Sources */,
			);
			runOnlyForDeploymentPostprocessing = 0;
		};
/* End PBXSourcesBuildPhase section */

/* Begin PBXTargetDependency section */
		4CCB163F2A051F5000FE5376 /* PBXTargetDependency */ = {
			isa = PBXTargetDependency;
			target = 4CCB16262A051F4F00FE5376 /* Next Idea */;
			targetProxy = 4CCB163E2A051F5000FE5376 /* PBXContainerItemProxy */;
		};
		4CCB16492A051F5000FE5376 /* PBXTargetDependency */ = {
			isa = PBXTargetDependency;
			target = 4CCB16262A051F4F00FE5376 /* Next Idea */;
			targetProxy = 4CCB16482A051F5000FE5376 /* PBXContainerItemProxy */;
		};
/* End PBXTargetDependency section */

/* Begin XCBuildConfiguration section */
		4CCB164F2A051F5000FE5376 /* Debug */ = {
			isa = XCBuildConfiguration;
			buildSettings = {
				ALWAYS_SEARCH_USER_PATHS = NO;
				CLANG_ANALYZER_NONNULL = YES;
				CLANG_ANALYZER_NUMBER_OBJECT_CONVERSION = YES_AGGRESSIVE;
				CLANG_CXX_LANGUAGE_STANDARD = "gnu++20";
				CLANG_ENABLE_MODULES = YES;
				CLANG_ENABLE_OBJC_ARC = YES;
				CLANG_ENABLE_OBJC_WEAK = YES;
				CLANG_WARN_BLOCK_CAPTURE_AUTORELEASING = YES;
				CLANG_WARN_BOOL_CONVERSION = YES;
				CLANG_WARN_COMMA = YES;
				CLANG_WARN_CONSTANT_CONVERSION = YES;
				CLANG_WARN_DEPRECATED_OBJC_IMPLEMENTATIONS = YES;
				CLANG_WARN_DIRECT_OBJC_ISA_USAGE = YES_ERROR;
				CLANG_WARN_DOCUMENTATION_COMMENTS = YES;
				CLANG_WARN_EMPTY_BODY = YES;
				CLANG_WARN_ENUM_CONVERSION = YES;
				CLANG_WARN_INFINITE_RECURSION = YES;
				CLANG_WARN_INT_CONVERSION = YES;
				CLANG_WARN_NON_LITERAL_NULL_CONVERSION = YES;
				CLANG_WARN_OBJC_IMPLICIT_RETAIN_SELF = YES;
				CLANG_WARN_OBJC_LITERAL_CONVERSION = YES;
				CLANG_WARN_OBJC_ROOT_CLASS = YES_ERROR;
				CLANG_WARN_QUOTED_INCLUDE_IN_FRAMEWORK_HEADER = YES;
				CLANG_WARN_RANGE_LOOP_ANALYSIS = YES;
				CLANG_WARN_STRICT_PROTOTYPES = YES;
				CLANG_WARN_SUSPICIOUS_MOVE = YES;
				CLANG_WARN_UNGUARDED_AVAILABILITY = YES_AGGRESSIVE;
				CLANG_WARN_UNREACHABLE_CODE = YES;
				CLANG_WARN__DUPLICATE_METHOD_MATCH = YES;
				COPY_PHASE_STRIP = NO;
				DEBUG_INFORMATION_FORMAT = dwarf;
				ENABLE_STRICT_OBJC_MSGSEND = YES;
				ENABLE_TESTABILITY = YES;
				GCC_C_LANGUAGE_STANDARD = gnu11;
				GCC_DYNAMIC_NO_PIC = NO;
				GCC_NO_COMMON_BLOCKS = YES;
				GCC_OPTIMIZATION_LEVEL = 0;
				GCC_PREPROCESSOR_DEFINITIONS = (
					"DEBUG=1",
					"$(inherited)",
				);
				GCC_WARN_64_TO_32_BIT_CONVERSION = YES;
				GCC_WARN_ABOUT_RETURN_TYPE = YES_ERROR;
				GCC_WARN_UNDECLARED_SELECTOR = YES;
				GCC_WARN_UNINITIALIZED_AUTOS = YES_AGGRESSIVE;
				GCC_WARN_UNUSED_FUNCTION = YES;
				GCC_WARN_UNUSED_VARIABLE = YES;
				IPHONEOS_DEPLOYMENT_TARGET = 16.4;
				MTL_ENABLE_DEBUG_INFO = INCLUDE_SOURCE;
				MTL_FAST_MATH = YES;
				ONLY_ACTIVE_ARCH = YES;
				SDKROOT = iphoneos;
				SWIFT_ACTIVE_COMPILATION_CONDITIONS = DEBUG;
				SWIFT_OPTIMIZATION_LEVEL = "-Onone";
			};
			name = Debug;
		};
		4CCB16502A051F5000FE5376 /* Release */ = {
			isa = XCBuildConfiguration;
			buildSettings = {
				ALWAYS_SEARCH_USER_PATHS = NO;
				CLANG_ANALYZER_NONNULL = YES;
				CLANG_ANALYZER_NUMBER_OBJECT_CONVERSION = YES_AGGRESSIVE;
				CLANG_CXX_LANGUAGE_STANDARD = "gnu++20";
				CLANG_ENABLE_MODULES = YES;
				CLANG_ENABLE_OBJC_ARC = YES;
				CLANG_ENABLE_OBJC_WEAK = YES;
				CLANG_WARN_BLOCK_CAPTURE_AUTORELEASING = YES;
				CLANG_WARN_BOOL_CONVERSION = YES;
				CLANG_WARN_COMMA = YES;
				CLANG_WARN_CONSTANT_CONVERSION = YES;
				CLANG_WARN_DEPRECATED_OBJC_IMPLEMENTATIONS = YES;
				CLANG_WARN_DIRECT_OBJC_ISA_USAGE = YES_ERROR;
				CLANG_WARN_DOCUMENTATION_COMMENTS = YES;
				CLANG_WARN_EMPTY_BODY = YES;
				CLANG_WARN_ENUM_CONVERSION = YES;
				CLANG_WARN_INFINITE_RECURSION = YES;
				CLANG_WARN_INT_CONVERSION = YES;
				CLANG_WARN_NON_LITERAL_NULL_CONVERSION = YES;
				CLANG_WARN_OBJC_IMPLICIT_RETAIN_SELF = YES;
				CLANG_WARN_OBJC_LITERAL_CONVERSION = YES;
				CLANG_WARN_OBJC_ROOT_CLASS = YES_ERROR;
				CLANG_WARN_QUOTED_INCLUDE_IN_FRAMEWORK_HEADER = YES;
				CLANG_WARN_RANGE_LOOP_ANALYSIS = YES;
				CLANG_WARN_STRICT_PROTOTYPES = YES;
				CLANG_WARN_SUSPICIOUS_MOVE = YES;
				CLANG_WARN_UNGUARDED_AVAILABILITY = YES_AGGRESSIVE;
				CLANG_WARN_UNREACHABLE_CODE = YES;
				CLANG_WARN__DUPLICATE_METHOD_MATCH = YES;
				COPY_PHASE_STRIP = NO;
				DEBUG_INFORMATION_FORMAT = "dwarf-with-dsym";
				ENABLE_NS_ASSERTIONS = NO;
				ENABLE_STRICT_OBJC_MSGSEND = YES;
				GCC_C_LANGUAGE_STANDARD = gnu11;
				GCC_NO_COMMON_BLOCKS = YES;
				GCC_WARN_64_TO_32_BIT_CONVERSION = YES;
				GCC_WARN_ABOUT_RETURN_TYPE = YES_ERROR;
				GCC_WARN_UNDECLARED_SELECTOR = YES;
				GCC_WARN_UNINITIALIZED_AUTOS = YES_AGGRESSIVE;
				GCC_WARN_UNUSED_FUNCTION = YES;
				GCC_WARN_UNUSED_VARIABLE = YES;
				IPHONEOS_DEPLOYMENT_TARGET = 16.4;
				MTL_ENABLE_DEBUG_INFO = NO;
				MTL_FAST_MATH = YES;
				SDKROOT = iphoneos;
				SWIFT_COMPILATION_MODE = wholemodule;
				SWIFT_OPTIMIZATION_LEVEL = "-O";
				VALIDATE_PRODUCT = YES;
			};
			name = Release;
		};
		4CCB16522A051F5000FE5376 /* Debug */ = {
			isa = XCBuildConfiguration;
			buildSettings = {
				ASSETCATALOG_COMPILER_APPICON_NAME = AppIcon;
				ASSETCATALOG_COMPILER_GLOBAL_ACCENT_COLOR_NAME = AccentColor;
				CODE_SIGN_STYLE = Automatic;
				CURRENT_PROJECT_VERSION = 1;
				DEVELOPMENT_ASSET_PATHS = "\"Next Idea/Preview Content\"";
				DEVELOPMENT_TEAM = VWCW8YMM6Y;
				ENABLE_PREVIEWS = YES;
				GENERATE_INFOPLIST_FILE = YES;
				INFOPLIST_KEY_UIApplicationSceneManifest_Generation = YES;
				INFOPLIST_KEY_UIApplicationSupportsIndirectInputEvents = YES;
				INFOPLIST_KEY_UILaunchScreen_Generation = YES;
				INFOPLIST_KEY_UISupportedInterfaceOrientations_iPad = "UIInterfaceOrientationPortrait UIInterfaceOrientationPortraitUpsideDown UIInterfaceOrientationLandscapeLeft UIInterfaceOrientationLandscapeRight";
				INFOPLIST_KEY_UISupportedInterfaceOrientations_iPhone = "UIInterfaceOrientationPortrait UIInterfaceOrientationLandscapeLeft UIInterfaceOrientationLandscapeRight";
				LD_RUNPATH_SEARCH_PATHS = (
					"$(inherited)",
					"@executable_path/Frameworks",
				);
				MARKETING_VERSION = 1.0;
				PRODUCT_BUNDLE_IDENTIFIER = "Transformia.Next-Idea";
				PRODUCT_NAME = "$(TARGET_NAME)";
				SWIFT_EMIT_LOC_STRINGS = YES;
				SWIFT_VERSION = 5.0;
				TARGETED_DEVICE_FAMILY = "1,2";
			};
			name = Debug;
		};
		4CCB16532A051F5000FE5376 /* Release */ = {
			isa = XCBuildConfiguration;
			buildSettings = {
				ASSETCATALOG_COMPILER_APPICON_NAME = AppIcon;
				ASSETCATALOG_COMPILER_GLOBAL_ACCENT_COLOR_NAME = AccentColor;
				CODE_SIGN_STYLE = Automatic;
				CURRENT_PROJECT_VERSION = 1;
				DEVELOPMENT_ASSET_PATHS = "\"Next Idea/Preview Content\"";
				DEVELOPMENT_TEAM = VWCW8YMM6Y;
				ENABLE_PREVIEWS = YES;
				GENERATE_INFOPLIST_FILE = YES;
				INFOPLIST_KEY_UIApplicationSceneManifest_Generation = YES;
				INFOPLIST_KEY_UIApplicationSupportsIndirectInputEvents = YES;
				INFOPLIST_KEY_UILaunchScreen_Generation = YES;
				INFOPLIST_KEY_UISupportedInterfaceOrientations_iPad = "UIInterfaceOrientationPortrait UIInterfaceOrientationPortraitUpsideDown UIInterfaceOrientationLandscapeLeft UIInterfaceOrientationLandscapeRight";
				INFOPLIST_KEY_UISupportedInterfaceOrientations_iPhone = "UIInterfaceOrientationPortrait UIInterfaceOrientationLandscapeLeft UIInterfaceOrientationLandscapeRight";
				LD_RUNPATH_SEARCH_PATHS = (
					"$(inherited)",
					"@executable_path/Frameworks",
				);
				MARKETING_VERSION = 1.0;
				PRODUCT_BUNDLE_IDENTIFIER = "Transformia.Next-Idea";
				PRODUCT_NAME = "$(TARGET_NAME)";
				SWIFT_EMIT_LOC_STRINGS = YES;
				SWIFT_VERSION = 5.0;
				TARGETED_DEVICE_FAMILY = "1,2";
			};
			name = Release;
		};
		4CCB16552A051F5000FE5376 /* Debug */ = {
			isa = XCBuildConfiguration;
			buildSettings = {
				ALWAYS_EMBED_SWIFT_STANDARD_LIBRARIES = YES;
				BUNDLE_LOADER = "$(TEST_HOST)";
				CODE_SIGN_STYLE = Automatic;
				CURRENT_PROJECT_VERSION = 1;
				DEVELOPMENT_TEAM = VWCW8YMM6Y;
				GENERATE_INFOPLIST_FILE = YES;
				IPHONEOS_DEPLOYMENT_TARGET = 16.4;
				MARKETING_VERSION = 1.0;
				PRODUCT_BUNDLE_IDENTIFIER = "Transformia.Next-IdeaTests";
				PRODUCT_NAME = "$(TARGET_NAME)";
				SWIFT_EMIT_LOC_STRINGS = NO;
				SWIFT_VERSION = 5.0;
				TARGETED_DEVICE_FAMILY = "1,2";
				TEST_HOST = "$(BUILT_PRODUCTS_DIR)/Next Idea.app/$(BUNDLE_EXECUTABLE_FOLDER_PATH)/Next Idea";
			};
			name = Debug;
		};
		4CCB16562A051F5000FE5376 /* Release */ = {
			isa = XCBuildConfiguration;
			buildSettings = {
				ALWAYS_EMBED_SWIFT_STANDARD_LIBRARIES = YES;
				BUNDLE_LOADER = "$(TEST_HOST)";
				CODE_SIGN_STYLE = Automatic;
				CURRENT_PROJECT_VERSION = 1;
				DEVELOPMENT_TEAM = VWCW8YMM6Y;
				GENERATE_INFOPLIST_FILE = YES;
				IPHONEOS_DEPLOYMENT_TARGET = 16.4;
				MARKETING_VERSION = 1.0;
				PRODUCT_BUNDLE_IDENTIFIER = "Transformia.Next-IdeaTests";
				PRODUCT_NAME = "$(TARGET_NAME)";
				SWIFT_EMIT_LOC_STRINGS = NO;
				SWIFT_VERSION = 5.0;
				TARGETED_DEVICE_FAMILY = "1,2";
				TEST_HOST = "$(BUILT_PRODUCTS_DIR)/Next Idea.app/$(BUNDLE_EXECUTABLE_FOLDER_PATH)/Next Idea";
			};
			name = Release;
		};
		4CCB16582A051F5000FE5376 /* Debug */ = {
			isa = XCBuildConfiguration;
			buildSettings = {
				ALWAYS_EMBED_SWIFT_STANDARD_LIBRARIES = YES;
				CODE_SIGN_STYLE = Automatic;
				CURRENT_PROJECT_VERSION = 1;
				DEVELOPMENT_TEAM = VWCW8YMM6Y;
				GENERATE_INFOPLIST_FILE = YES;
				MARKETING_VERSION = 1.0;
				PRODUCT_BUNDLE_IDENTIFIER = "Transformia.Next-IdeaUITests";
				PRODUCT_NAME = "$(TARGET_NAME)";
				SWIFT_EMIT_LOC_STRINGS = NO;
				SWIFT_VERSION = 5.0;
				TARGETED_DEVICE_FAMILY = "1,2";
				TEST_TARGET_NAME = "Next Idea";
			};
			name = Debug;
		};
		4CCB16592A051F5000FE5376 /* Release */ = {
			isa = XCBuildConfiguration;
			buildSettings = {
				ALWAYS_EMBED_SWIFT_STANDARD_LIBRARIES = YES;
				CODE_SIGN_STYLE = Automatic;
				CURRENT_PROJECT_VERSION = 1;
				DEVELOPMENT_TEAM = VWCW8YMM6Y;
				GENERATE_INFOPLIST_FILE = YES;
				MARKETING_VERSION = 1.0;
				PRODUCT_BUNDLE_IDENTIFIER = "Transformia.Next-IdeaUITests";
				PRODUCT_NAME = "$(TARGET_NAME)";
				SWIFT_EMIT_LOC_STRINGS = NO;
				SWIFT_VERSION = 5.0;
				TARGETED_DEVICE_FAMILY = "1,2";
				TEST_TARGET_NAME = "Next Idea";
			};
			name = Release;
		};
/* End XCBuildConfiguration section */

/* Begin XCConfigurationList section */
		4CCB16222A051F4F00FE5376 /* Build configuration list for PBXProject "Next Idea" */ = {
			isa = XCConfigurationList;
			buildConfigurations = (
				4CCB164F2A051F5000FE5376 /* Debug */,
				4CCB16502A051F5000FE5376 /* Release */,
			);
			defaultConfigurationIsVisible = 0;
			defaultConfigurationName = Release;
		};
		4CCB16512A051F5000FE5376 /* Build configuration list for PBXNativeTarget "Next Idea" */ = {
			isa = XCConfigurationList;
			buildConfigurations = (
				4CCB16522A051F5000FE5376 /* Debug */,
				4CCB16532A051F5000FE5376 /* Release */,
			);
			defaultConfigurationIsVisible = 0;
			defaultConfigurationName = Release;
		};
		4CCB16542A051F5000FE5376 /* Build configuration list for PBXNativeTarget "Next IdeaTests" */ = {
			isa = XCConfigurationList;
			buildConfigurations = (
				4CCB16552A051F5000FE5376 /* Debug */,
				4CCB16562A051F5000FE5376 /* Release */,
			);
			defaultConfigurationIsVisible = 0;
			defaultConfigurationName = Release;
		};
		4CCB16572A051F5000FE5376 /* Build configuration list for PBXNativeTarget "Next IdeaUITests" */ = {
			isa = XCConfigurationList;
			buildConfigurations = (
				4CCB16582A051F5000FE5376 /* Debug */,
				4CCB16592A051F5000FE5376 /* Release */,
			);
			defaultConfigurationIsVisible = 0;
			defaultConfigurationName = Release;
		};
/* End XCConfigurationList section */

/* Begin XCVersionGroup section */
		4CCB16352A051F5000FE5376 /* Next_Idea.xcdatamodeld */ = {
			isa = XCVersionGroup;
			children = (
				4CCB16362A051F5000FE5376 /* Next_Idea.xcdatamodel */,
			);
			currentVersion = 4CCB16362A051F5000FE5376 /* Next_Idea.xcdatamodel */;
			path = Next_Idea.xcdatamodeld;
			sourceTree = "<group>";
			versionGroupType = wrapper.xcdatamodel;
		};
/* End XCVersionGroup section */
	};
	rootObject = 4CCB161F2A051F4F00FE5376 /* Project object */;
}
